
Microsoft Visual Studio Solution File, Format Version 12.00
# Visual Studio 15
VisualStudioVersion = 15.0.27703.2042
MinimumVisualStudioVersion = 10.0.40219.1
Project("{888888A0-9F3D-457C-B088-3A5042F75D52}") = "BasicProject", "BasicProject\BasicProject.pyproj", "{ACFA5732-F78C-453C-B35E-28BF0C6FD53E}"
EndProject
Project("{888888A0-9F3D-457C-B088-3A5042F75D52}") = "flaskpolls", "flaskpolls\flaskpolls.pyproj", "{53FAA25C-7DA7-4505-84D6-A6BE44094948}"
EndProject
Project("{888888A0-9F3D-457C-B088-3A5042F75D52}") = "smarttrack", "smarttrack\smarttrack.pyproj", "{BEFF60ED-377C-4EEA-B4B3-0320115CE607}"
EndProject
Project("{888888A0-9F3D-457C-B088-3A5042F75D52}") = "test_blog", "test_blog\test_blog.pyproj", "{EE74CDEE-A1D4-4FB3-AE28-803382DAAF16}"
EndProject
Global
	GlobalSection(SolutionConfigurationPlatforms) = preSolution
		Debug|Any CPU = Debug|Any CPU
		Release|Any CPU = Release|Any CPU
	EndGlobalSection
	GlobalSection(ProjectConfigurationPlatforms) = postSolution
		{ACFA5732-F78C-453C-B35E-28BF0C6FD53E}.Debug|Any CPU.ActiveCfg = Debug|Any CPU
		{ACFA5732-F78C-453C-B35E-28BF0C6FD53E}.Debug|Any CPU.Build.0 = Debug|Any CPU
		{ACFA5732-F78C-453C-B35E-28BF0C6FD53E}.Release|Any CPU.ActiveCfg = Release|Any CPU
		{ACFA5732-F78C-453C-B35E-28BF0C6FD53E}.Release|Any CPU.Build.0 = Release|Any CPU
		{53FAA25C-7DA7-4505-84D6-A6BE44094948}.Debug|Any CPU.ActiveCfg = Debug|Any CPU
		{53FAA25C-7DA7-4505-84D6-A6BE44094948}.Debug|Any CPU.Build.0 = Debug|Any CPU
		{53FAA25C-7DA7-4505-84D6-A6BE44094948}.Release|Any CPU.ActiveCfg = Release|Any CPU
		{53FAA25C-7DA7-4505-84D6-A6BE44094948}.Release|Any CPU.Build.0 = Release|Any CPU
		{BEFF60ED-377C-4EEA-B4B3-0320115CE607}.Debug|Any CPU.ActiveCfg = Debug|Any CPU
		{BEFF60ED-377C-4EEA-B4B3-0320115CE607}.Debug|Any CPU.Build.0 = Debug|Any CPU
		{BEFF60ED-377C-4EEA-B4B3-0320115CE607}.Release|Any CPU.ActiveCfg = Release|Any CPU
		{BEFF60ED-377C-4EEA-B4B3-0320115CE607}.Release|Any CPU.Build.0 = Release|Any CPU
		{EE74CDEE-A1D4-4FB3-AE28-803382DAAF16}.Debug|Any CPU.ActiveCfg = Debug|Any CPU
		{EE74CDEE-A1D4-4FB3-AE28-803382DAAF16}.Debug|Any CPU.Build.0 = Debug|Any CPU
		{EE74CDEE-A1D4-4FB3-AE28-803382DAAF16}.Release|Any CPU.ActiveCfg = Release|Any CPU
		{EE74CDEE-A1D4-4FB3-AE28-803382DAAF16}.Release|Any CPU.Build.0 = Release|Any CPU
	EndGlobalSection
	GlobalSection(SolutionProperties) = preSolution
		HideSolutionNode = FALSE
	EndGlobalSection
	GlobalSection(ExtensibilityGlobals) = postSolution
		SolutionGuid = {7278C032-7707-4B9B-828E-3C7D3B4D67D0}
	EndGlobalSection
EndGlobal
